
Microsoft Visual Studio Solution File, Format Version 12.00
# Visual Studio Version 17
VisualStudioVersion = 17.4.33205.214
MinimumVisualStudioVersion = 10.0.40219.1
Project("{FAE04EC0-301F-11D3-BF4B-00C04F79EFBC}") = "blazorGitHubDemo", "blazorGitHubDemo\blazorGitHubDemo.csproj", "{52FB8770-5501-4C24-9A9A-F8A33AEA2CB5}"
EndProject
Global
	GlobalSection(SolutionConfigurationPlatforms) = preSolution
		Debug|Any CPU = Debug|Any CPU
		Release|Any CPU = Release|Any CPU
	EndGlobalSection
	GlobalSection(ProjectConfigurationPlatforms) = postSolution
		{52FB8770-5501-4C24-9A9A-F8A33AEA2CB5}.Debug|Any CPU.ActiveCfg = Debug|Any CPU
		{52FB8770-5501-4C24-9A9A-F8A33AEA2CB5}.Debug|Any CPU.Build.0 = Debug|Any CPU
		{52FB8770-5501-4C24-9A9A-F8A33AEA2CB5}.Release|Any CPU.ActiveCfg = Release|Any CPU
		{52FB8770-5501-4C24-9A9A-F8A33AEA2CB5}.Release|Any CPU.Build.0 = Release|Any CPU
	EndGlobalSection
	GlobalSection(SolutionProperties) = preSolution
		HideSolutionNode = FALSE
	EndGlobalSection
	GlobalSection(ExtensibilityGlobals) = postSolution
		SolutionGuid = {B23BBDB7-FCE9-45D1-BCD6-471EC8ADE75E}
	EndGlobalSection
EndGlobal
